
Microsoft Visual Studio Solution File, Format Version 12.00
# Visual Studio Version 17
VisualStudioVersion = 17.0.32014.148
MinimumVisualStudioVersion = 10.0.40219.1
Project("{9A19103F-16F7-4668-BE54-9A1E7A4F7556}") = "iLit.Core", "iLit.Core\iLit.Core.csproj", "{19ED87DD-BD26-490B-BD77-A5017E2FD29D}"
EndProject
Project("{9A19103F-16F7-4668-BE54-9A1E7A4F7556}") = "iLit.Infrastructure", "iLit.Infrastructure\iLit.Infrastructure.csproj", "{DD59856D-A52E-4FFF-8AA8-D29AC88DCA87}"
EndProject
Project("{9A19103F-16F7-4668-BE54-9A1E7A4F7556}") = "iLit.Infrastructure.Tests", "iLit.Infrastructure.Tests\iLit.Infrastructure.Tests.csproj", "{15387E5B-9980-4B3D-8325-0B1EB971C5A2}"
EndProject
Project("{FAE04EC0-301F-11D3-BF4B-00C04F79EFBC}") = "iLit.API", "iLit.API\iLit.API.csproj", "{7F637273-31F1-467A-A812-14BF42B6CC19}"
EndProject
Project("{FAE04EC0-301F-11D3-BF4B-00C04F79EFBC}") = "iLit.API.Tests", "iLit.API.Tests\iLit.API.Tests.csproj", "{DB19B278-4BA0-42BF-A508-7C0AD469F1CC}"
EndProject
Project("{FAE04EC0-301F-11D3-BF4B-00C04F79EFBC}") = "BlazorWebAssembly", "BlazorWebAssembly\BlazorWebAssembly.csproj", "{FD18ABED-F0EA-414B-A838-8BE2DE7D59BF}"
EndProject
Global
	GlobalSection(SolutionConfigurationPlatforms) = preSolution
		Debug|Any CPU = Debug|Any CPU
		Debug|x64 = Debug|x64
		Debug|x86 = Debug|x86
		Release|Any CPU = Release|Any CPU
		Release|x64 = Release|x64
		Release|x86 = Release|x86
	EndGlobalSection
	GlobalSection(ProjectConfigurationPlatforms) = postSolution
		{AF9BDAF4-B937-4636-94EB-6C524AFCC71A}.Debug|Any CPU.ActiveCfg = Debug|Any CPU
		{AF9BDAF4-B937-4636-94EB-6C524AFCC71A}.Debug|Any CPU.Build.0 = Debug|Any CPU
		{AF9BDAF4-B937-4636-94EB-6C524AFCC71A}.Debug|x64.ActiveCfg = Debug|Any CPU
		{AF9BDAF4-B937-4636-94EB-6C524AFCC71A}.Debug|x64.Build.0 = Debug|Any CPU
		{AF9BDAF4-B937-4636-94EB-6C524AFCC71A}.Debug|x86.ActiveCfg = Debug|Any CPU
		{AF9BDAF4-B937-4636-94EB-6C524AFCC71A}.Debug|x86.Build.0 = Debug|Any CPU
		{AF9BDAF4-B937-4636-94EB-6C524AFCC71A}.Release|Any CPU.ActiveCfg = Release|Any CPU
		{AF9BDAF4-B937-4636-94EB-6C524AFCC71A}.Release|Any CPU.Build.0 = Release|Any CPU
		{AF9BDAF4-B937-4636-94EB-6C524AFCC71A}.Release|x64.ActiveCfg = Release|Any CPU
		{AF9BDAF4-B937-4636-94EB-6C524AFCC71A}.Release|x64.Build.0 = Release|Any CPU
		{AF9BDAF4-B937-4636-94EB-6C524AFCC71A}.Release|x86.ActiveCfg = Release|Any CPU
		{AF9BDAF4-B937-4636-94EB-6C524AFCC71A}.Release|x86.Build.0 = Release|Any CPU
		{FE8294B3-10E1-42C9-8161-8623D54B78DF}.Debug|Any CPU.ActiveCfg = Debug|Any CPU
		{FE8294B3-10E1-42C9-8161-8623D54B78DF}.Debug|Any CPU.Build.0 = Debug|Any CPU
		{FE8294B3-10E1-42C9-8161-8623D54B78DF}.Debug|x64.ActiveCfg = Debug|Any CPU
		{FE8294B3-10E1-42C9-8161-8623D54B78DF}.Debug|x64.Build.0 = Debug|Any CPU
		{FE8294B3-10E1-42C9-8161-8623D54B78DF}.Debug|x86.ActiveCfg = Debug|Any CPU
		{FE8294B3-10E1-42C9-8161-8623D54B78DF}.Debug|x86.Build.0 = Debug|Any CPU
		{FE8294B3-10E1-42C9-8161-8623D54B78DF}.Release|Any CPU.ActiveCfg = Release|Any CPU
		{FE8294B3-10E1-42C9-8161-8623D54B78DF}.Release|Any CPU.Build.0 = Release|Any CPU
		{FE8294B3-10E1-42C9-8161-8623D54B78DF}.Release|x64.ActiveCfg = Release|Any CPU
		{FE8294B3-10E1-42C9-8161-8623D54B78DF}.Release|x64.Build.0 = Release|Any CPU
		{FE8294B3-10E1-42C9-8161-8623D54B78DF}.Release|x86.ActiveCfg = Release|Any CPU
		{FE8294B3-10E1-42C9-8161-8623D54B78DF}.Release|x86.Build.0 = Release|Any CPU
		{19ED87DD-BD26-490B-BD77-A5017E2FD29D}.Debug|Any CPU.ActiveCfg = Debug|Any CPU
		{19ED87DD-BD26-490B-BD77-A5017E2FD29D}.Debug|Any CPU.Build.0 = Debug|Any CPU
		{19ED87DD-BD26-490B-BD77-A5017E2FD29D}.Debug|x64.ActiveCfg = Debug|Any CPU
		{19ED87DD-BD26-490B-BD77-A5017E2FD29D}.Debug|x64.Build.0 = Debug|Any CPU
		{19ED87DD-BD26-490B-BD77-A5017E2FD29D}.Debug|x86.ActiveCfg = Debug|Any CPU
		{19ED87DD-BD26-490B-BD77-A5017E2FD29D}.Debug|x86.Build.0 = Debug|Any CPU
		{19ED87DD-BD26-490B-BD77-A5017E2FD29D}.Release|Any CPU.ActiveCfg = Release|Any CPU
		{19ED87DD-BD26-490B-BD77-A5017E2FD29D}.Release|Any CPU.Build.0 = Release|Any CPU
		{19ED87DD-BD26-490B-BD77-A5017E2FD29D}.Release|x64.ActiveCfg = Release|Any CPU
		{19ED87DD-BD26-490B-BD77-A5017E2FD29D}.Release|x64.Build.0 = Release|Any CPU
		{19ED87DD-BD26-490B-BD77-A5017E2FD29D}.Release|x86.ActiveCfg = Release|Any CPU
		{19ED87DD-BD26-490B-BD77-A5017E2FD29D}.Release|x86.Build.0 = Release|Any CPU
		{DD59856D-A52E-4FFF-8AA8-D29AC88DCA87}.Debug|Any CPU.ActiveCfg = Debug|Any CPU
		{DD59856D-A52E-4FFF-8AA8-D29AC88DCA87}.Debug|Any CPU.Build.0 = Debug|Any CPU
		{DD59856D-A52E-4FFF-8AA8-D29AC88DCA87}.Debug|x64.ActiveCfg = Debug|Any CPU
		{DD59856D-A52E-4FFF-8AA8-D29AC88DCA87}.Debug|x64.Build.0 = Debug|Any CPU
		{DD59856D-A52E-4FFF-8AA8-D29AC88DCA87}.Debug|x86.ActiveCfg = Debug|Any CPU
		{DD59856D-A52E-4FFF-8AA8-D29AC88DCA87}.Debug|x86.Build.0 = Debug|Any CPU
		{DD59856D-A52E-4FFF-8AA8-D29AC88DCA87}.Release|Any CPU.ActiveCfg = Release|Any CPU
		{DD59856D-A52E-4FFF-8AA8-D29AC88DCA87}.Release|Any CPU.Build.0 = Release|Any CPU
		{DD59856D-A52E-4FFF-8AA8-D29AC88DCA87}.Release|x64.ActiveCfg = Release|Any CPU
		{DD59856D-A52E-4FFF-8AA8-D29AC88DCA87}.Release|x64.Build.0 = Release|Any CPU
		{DD59856D-A52E-4FFF-8AA8-D29AC88DCA87}.Release|x86.ActiveCfg = Release|Any CPU
		{DD59856D-A52E-4FFF-8AA8-D29AC88DCA87}.Release|x86.Build.0 = Release|Any CPU
		{15387E5B-9980-4B3D-8325-0B1EB971C5A2}.Debug|Any CPU.ActiveCfg = Debug|Any CPU
		{15387E5B-9980-4B3D-8325-0B1EB971C5A2}.Debug|Any CPU.Build.0 = Debug|Any CPU
		{15387E5B-9980-4B3D-8325-0B1EB971C5A2}.Debug|x64.ActiveCfg = Debug|Any CPU
		{15387E5B-9980-4B3D-8325-0B1EB971C5A2}.Debug|x64.Build.0 = Debug|Any CPU
		{15387E5B-9980-4B3D-8325-0B1EB971C5A2}.Debug|x86.ActiveCfg = Debug|Any CPU
		{15387E5B-9980-4B3D-8325-0B1EB971C5A2}.Debug|x86.Build.0 = Debug|Any CPU
		{15387E5B-9980-4B3D-8325-0B1EB971C5A2}.Release|Any CPU.ActiveCfg = Release|Any CPU
		{15387E5B-9980-4B3D-8325-0B1EB971C5A2}.Release|Any CPU.Build.0 = Release|Any CPU
		{15387E5B-9980-4B3D-8325-0B1EB971C5A2}.Release|x64.ActiveCfg = Release|Any CPU
		{15387E5B-9980-4B3D-8325-0B1EB971C5A2}.Release|x64.Build.0 = Release|Any CPU
		{15387E5B-9980-4B3D-8325-0B1EB971C5A2}.Release|x86.ActiveCfg = Release|Any CPU
		{15387E5B-9980-4B3D-8325-0B1EB971C5A2}.Release|x86.Build.0 = Release|Any CPU
		{7F637273-31F1-467A-A812-14BF42B6CC19}.Debug|Any CPU.ActiveCfg = Debug|Any CPU
		{7F637273-31F1-467A-A812-14BF42B6CC19}.Debug|Any CPU.Build.0 = Debug|Any CPU
		{7F637273-31F1-467A-A812-14BF42B6CC19}.Debug|x64.ActiveCfg = Debug|Any CPU
		{7F637273-31F1-467A-A812-14BF42B6CC19}.Debug|x64.Build.0 = Debug|Any CPU
		{7F637273-31F1-467A-A812-14BF42B6CC19}.Debug|x86.ActiveCfg = Debug|Any CPU
		{7F637273-31F1-467A-A812-14BF42B6CC19}.Debug|x86.Build.0 = Debug|Any CPU
		{7F637273-31F1-467A-A812-14BF42B6CC19}.Release|Any CPU.ActiveCfg = Release|Any CPU
		{7F637273-31F1-467A-A812-14BF42B6CC19}.Release|Any CPU.Build.0 = Release|Any CPU
		{7F637273-31F1-467A-A812-14BF42B6CC19}.Release|x64.ActiveCfg = Release|Any CPU
		{7F637273-31F1-467A-A812-14BF42B6CC19}.Release|x64.Build.0 = Release|Any CPU
		{7F637273-31F1-467A-A812-14BF42B6CC19}.Release|x86.ActiveCfg = Release|Any CPU
		{7F637273-31F1-467A-A812-14BF42B6CC19}.Release|x86.Build.0 = Release|Any CPU
		{DB19B278-4BA0-42BF-A508-7C0AD469F1CC}.Debug|Any CPU.ActiveCfg = Debug|Any CPU
		{DB19B278-4BA0-42BF-A508-7C0AD469F1CC}.Debug|Any CPU.Build.0 = Debug|Any CPU
		{DB19B278-4BA0-42BF-A508-7C0AD469F1CC}.Debug|x64.ActiveCfg = Debug|Any CPU
		{DB19B278-4BA0-42BF-A508-7C0AD469F1CC}.Debug|x64.Build.0 = Debug|Any CPU
		{DB19B278-4BA0-42BF-A508-7C0AD469F1CC}.Debug|x86.ActiveCfg = Debug|Any CPU
		{DB19B278-4BA0-42BF-A508-7C0AD469F1CC}.Debug|x86.Build.0 = Debug|Any CPU
		{DB19B278-4BA0-42BF-A508-7C0AD469F1CC}.Release|Any CPU.ActiveCfg = Release|Any CPU
		{DB19B278-4BA0-42BF-A508-7C0AD469F1CC}.Release|Any CPU.Build.0 = Release|Any CPU
		{DB19B278-4BA0-42BF-A508-7C0AD469F1CC}.Release|x64.ActiveCfg = Release|Any CPU
		{DB19B278-4BA0-42BF-A508-7C0AD469F1CC}.Release|x64.Build.0 = Release|Any CPU
		{DB19B278-4BA0-42BF-A508-7C0AD469F1CC}.Release|x86.ActiveCfg = Release|Any CPU
		{DB19B278-4BA0-42BF-A508-7C0AD469F1CC}.Release|x86.Build.0 = Release|Any CPU
		{A935BB22-5186-4974-8BC4-68F680DA8F51}.Debug|Any CPU.ActiveCfg = Debug|Any CPU
		{A935BB22-5186-4974-8BC4-68F680DA8F51}.Debug|Any CPU.Build.0 = Debug|Any CPU
		{A935BB22-5186-4974-8BC4-68F680DA8F51}.Debug|x64.ActiveCfg = Debug|Any CPU
		{A935BB22-5186-4974-8BC4-68F680DA8F51}.Debug|x64.Build.0 = Debug|Any CPU
		{A935BB22-5186-4974-8BC4-68F680DA8F51}.Debug|x86.ActiveCfg = Debug|Any CPU
		{A935BB22-5186-4974-8BC4-68F680DA8F51}.Debug|x86.Build.0 = Debug|Any CPU
		{A935BB22-5186-4974-8BC4-68F680DA8F51}.Release|Any CPU.ActiveCfg = Release|Any CPU
		{A935BB22-5186-4974-8BC4-68F680DA8F51}.Release|Any CPU.Build.0 = Release|Any CPU
		{A935BB22-5186-4974-8BC4-68F680DA8F51}.Release|x64.ActiveCfg = Release|Any CPU
		{A935BB22-5186-4974-8BC4-68F680DA8F51}.Release|x64.Build.0 = Release|Any CPU
		{A935BB22-5186-4974-8BC4-68F680DA8F51}.Release|x86.ActiveCfg = Release|Any CPU
		{A935BB22-5186-4974-8BC4-68F680DA8F51}.Release|x86.Build.0 = Release|Any CPU
		{FD18ABED-F0EA-414B-A838-8BE2DE7D59BF}.Debug|Any CPU.ActiveCfg = Debug|Any CPU
		{FD18ABED-F0EA-414B-A838-8BE2DE7D59BF}.Debug|Any CPU.Build.0 = Debug|Any CPU
		{FD18ABED-F0EA-414B-A838-8BE2DE7D59BF}.Debug|x64.ActiveCfg = Debug|Any CPU
		{FD18ABED-F0EA-414B-A838-8BE2DE7D59BF}.Debug|x64.Build.0 = Debug|Any CPU
		{FD18ABED-F0EA-414B-A838-8BE2DE7D59BF}.Debug|x86.ActiveCfg = Debug|Any CPU
		{FD18ABED-F0EA-414B-A838-8BE2DE7D59BF}.Debug|x86.Build.0 = Debug|Any CPU
		{FD18ABED-F0EA-414B-A838-8BE2DE7D59BF}.Release|Any CPU.ActiveCfg = Release|Any CPU
		{FD18ABED-F0EA-414B-A838-8BE2DE7D59BF}.Release|Any CPU.Build.0 = Release|Any CPU
		{FD18ABED-F0EA-414B-A838-8BE2DE7D59BF}.Release|x64.ActiveCfg = Release|Any CPU
		{FD18ABED-F0EA-414B-A838-8BE2DE7D59BF}.Release|x64.Build.0 = Release|Any CPU
		{FD18ABED-F0EA-414B-A838-8BE2DE7D59BF}.Release|x86.ActiveCfg = Release|Any CPU
		{FD18ABED-F0EA-414B-A838-8BE2DE7D59BF}.Release|x86.Build.0 = Release|Any CPU
	EndGlobalSection
	GlobalSection(SolutionProperties) = preSolution
		HideSolutionNode = FALSE
	EndGlobalSection
	GlobalSection(ExtensibilityGlobals) = postSolution
		SolutionGuid = {566C70F0-BBC6-487B-A23C-1B7C19B807EB}
	EndGlobalSection
EndGlobal
